// !$*UTF8*$!
{
	archiveVersion = 1;
	classes = {
	};
	objectVersion = 46;
	objects = {

/* Begin PBXBuildFile section */
		45FEC3BAB957A8198AFE58AC /* Pods_Algae_Estimator.framework in Frameworks */ = {isa = PBXBuildFile; fileRef = C01B3158D2F1FF3DD54843B7 /* Pods_Algae_Estimator.framework */; };
		498471AE47C8056EEC49EE4E /* Pods_Algae_EstimatorUITests.framework in Frameworks */ = {isa = PBXBuildFile; fileRef = AC43475CA55A81E308035780 /* Pods_Algae_EstimatorUITests.framework */; };
		751BB8751DCE649200678BB6 /* DataLogTableViewCell.swift in Sources */ = {isa = PBXBuildFile; fileRef = 751BB8741DCE649200678BB6 /* DataLogTableViewCell.swift */; };
		751BB8771DCE66C000678BB6 /* DataLog2ViewController.swift in Sources */ = {isa = PBXBuildFile; fileRef = 751BB8761DCE66C000678BB6 /* DataLog2ViewController.swift */; };
		751BB8791DCE782200678BB6 /* DataLog2TableViewCell.swift in Sources */ = {isa = PBXBuildFile; fileRef = 751BB8781DCE782200678BB6 /* DataLog2TableViewCell.swift */; };
		793795B9888AEC73433689B7 /* Pods_Algae_EstimatorTests.framework in Frameworks */ = {isa = PBXBuildFile; fileRef = E40B394B362F49A115019AA9 /* Pods_Algae_EstimatorTests.framework */; };
		8202D6B4233E86D100F811D5 /* File.swift in Sources */ = {isa = PBXBuildFile; fileRef = 8202D6B3233E86D100F811D5 /* File.swift */; };
		84F63DDA1DA5B2D000753A32 /* DataViewController.swift in Sources */ = {isa = PBXBuildFile; fileRef = 84F63DD91DA5B2D000753A32 /* DataViewController.swift */; };
		FD0AD0E91DF625B00061509F /* Test_Calculation.swift in Sources */ = {isa = PBXBuildFile; fileRef = FD0AD0E81DF625B00061509F /* Test_Calculation.swift */; };
		FD1C31C21DB85118007C7036 /* PO4ViewController.swift in Sources */ = {isa = PBXBuildFile; fileRef = FD1C31C11DB85118007C7036 /* PO4ViewController.swift */; };
		FD4574421DC518BF008E87E4 /* DataLogViewController.swift in Sources */ = {isa = PBXBuildFile; fileRef = FD4574411DC518BF008E87E4 /* DataLogViewController.swift */; };
		FD46F44B1DE24ACD00B12986 /* DataSetTableViewCell.swift in Sources */ = {isa = PBXBuildFile; fileRef = FD46F4491DE24ACD00B12986 /* DataSetTableViewCell.swift */; };
		FD46F44C1DE24ACD00B12986 /* DataSetTableViewController.swift in Sources */ = {isa = PBXBuildFile; fileRef = FD46F44A1DE24ACD00B12986 /* DataSetTableViewController.swift */; };
		FD46F44E1DE24D0800B12986 /* SegueFromLeft.swift in Sources */ = {isa = PBXBuildFile; fileRef = FD46F44D1DE24D0800B12986 /* SegueFromLeft.swift */; };
		FD4EE91C1D9F269F0083C393 /* AppDelegate.swift in Sources */ = {isa = PBXBuildFile; fileRef = FD4EE91B1D9F269F0083C393 /* AppDelegate.swift */; };
		FD4EE91E1D9F26A00083C393 /* CalculateViewController.swift in Sources */ = {isa = PBXBuildFile; fileRef = FD4EE91D1D9F269F0083C393 /* CalculateViewController.swift */; };
		FD4EE9211D9F26A00083C393 /* Main.storyboard in Resources */ = {isa = PBXBuildFile; fileRef = FD4EE91F1D9F26A00083C393 /* Main.storyboard */; };
		FD4EE9241D9F26A00083C393 /* Algae_Estimator.xcdatamodeld in Sources */ = {isa = PBXBuildFile; fileRef = FD4EE9221D9F26A00083C393 /* Algae_Estimator.xcdatamodeld */; };
		FD4EE9261D9F26A00083C393 /* Assets.xcassets in Resources */ = {isa = PBXBuildFile; fileRef = FD4EE9251D9F26A00083C393 /* Assets.xcassets */; };
		FD4EE9291D9F26A00083C393 /* LaunchScreen.storyboard in Resources */ = {isa = PBXBuildFile; fileRef = FD4EE9271D9F26A00083C393 /* LaunchScreen.storyboard */; };
		FD4EE9341D9F26A00083C393 /* Algae_EstimatorTests.swift in Sources */ = {isa = PBXBuildFile; fileRef = FD4EE9331D9F26A00083C393 /* Algae_EstimatorTests.swift */; };
		FD4EE93F1D9F26A00083C393 /* Algae_EstimatorUITests.swift in Sources */ = {isa = PBXBuildFile; fileRef = FD4EE93E1D9F26A00083C393 /* Algae_EstimatorUITests.swift */; };
		FD5990021DC461950061816E /* ChlEstimateViewController.swift in Sources */ = {isa = PBXBuildFile; fileRef = FD5990011DC461950061816E /* ChlEstimateViewController.swift */; };
		FD5990041DC462350061816E /* ChlViewController.swift in Sources */ = {isa = PBXBuildFile; fileRef = FD5990031DC462350061816E /* ChlViewController.swift */; };
		FD7310D71DC4100900ACBE6A /* MyConstants.swift in Sources */ = {isa = PBXBuildFile; fileRef = FD7310D61DC4100900ACBE6A /* MyConstants.swift */; };
		FDB90A3D1DA5BF0200800DDD /* Calculations.swift in Sources */ = {isa = PBXBuildFile; fileRef = FDB90A3C1DA5BF0200800DDD /* Calculations.swift */; };
		FDC95D131DC18489003AB088 /* PO4EstimatesViewController.swift in Sources */ = {isa = PBXBuildFile; fileRef = FDC95D121DC18489003AB088 /* PO4EstimatesViewController.swift */; };
		FDF7DCBB1DF495AB00764131 /* DataEntryViewControllerBase.swift in Sources */ = {isa = PBXBuildFile; fileRef = FDF7DCBA1DF495AB00764131 /* DataEntryViewControllerBase.swift */; };
		FDFEA9841DD90C210082D6DB /* GraphViewController.swift in Sources */ = {isa = PBXBuildFile; fileRef = FDFEA9831DD90C210082D6DB /* GraphViewController.swift */; };
/* End PBXBuildFile section */

/* Begin PBXContainerItemProxy section */
		FD4EE9301D9F26A00083C393 /* PBXContainerItemProxy */ = {
			isa = PBXContainerItemProxy;
			containerPortal = FD4EE9101D9F269F0083C393 /* Project object */;
			proxyType = 1;
			remoteGlobalIDString = FD4EE9171D9F269F0083C393;
			remoteInfo = "Algae Estimator";
		};
		FD4EE93B1D9F26A00083C393 /* PBXContainerItemProxy */ = {
			isa = PBXContainerItemProxy;
			containerPortal = FD4EE9101D9F269F0083C393 /* Project object */;
			proxyType = 1;
			remoteGlobalIDString = FD4EE9171D9F269F0083C393;
			remoteInfo = "Algae Estimator";
		};
/* End PBXContainerItemProxy section */

/* Begin PBXFileReference section */
		0CDE9AE90A7C796C22D5E5B4 /* Pods-Algae Estimator.release.xcconfig */ = {isa = PBXFileReference; includeInIndex = 1; lastKnownFileType = text.xcconfig; name = "Pods-Algae Estimator.release.xcconfig"; path = "Pods/Target Support Files/Pods-Algae Estimator/Pods-Algae Estimator.release.xcconfig"; sourceTree = "<group>"; };
		751BB8741DCE649200678BB6 /* DataLogTableViewCell.swift */ = {isa = PBXFileReference; fileEncoding = 4; lastKnownFileType = sourcecode.swift; path = DataLogTableViewCell.swift; sourceTree = "<group>"; };
		751BB8761DCE66C000678BB6 /* DataLog2ViewController.swift */ = {isa = PBXFileReference; fileEncoding = 4; lastKnownFileType = sourcecode.swift; path = DataLog2ViewController.swift; sourceTree = "<group>"; };
		751BB8781DCE782200678BB6 /* DataLog2TableViewCell.swift */ = {isa = PBXFileReference; fileEncoding = 4; lastKnownFileType = sourcecode.swift; path = DataLog2TableViewCell.swift; sourceTree = "<group>"; };
		8202D6B3233E86D100F811D5 /* File.swift */ = {isa = PBXFileReference; lastKnownFileType = sourcecode.swift; path = File.swift; sourceTree = "<group>"; };
		84F63DD91DA5B2D000753A32 /* DataViewController.swift */ = {isa = PBXFileReference; fileEncoding = 4; lastKnownFileType = sourcecode.swift; path = DataViewController.swift; sourceTree = "<group>"; };
		91A39DD037E59AD49E703241 /* Pods-Algae EstimatorUITests.release.xcconfig */ = {isa = PBXFileReference; includeInIndex = 1; lastKnownFileType = text.xcconfig; name = "Pods-Algae EstimatorUITests.release.xcconfig"; path = "Pods/Target Support Files/Pods-Algae EstimatorUITests/Pods-Algae EstimatorUITests.release.xcconfig"; sourceTree = "<group>"; };
		98017A4453AFFC99111A86F8 /* Pods-Algae EstimatorTests.debug.xcconfig */ = {isa = PBXFileReference; includeInIndex = 1; lastKnownFileType = text.xcconfig; name = "Pods-Algae EstimatorTests.debug.xcconfig"; path = "Pods/Target Support Files/Pods-Algae EstimatorTests/Pods-Algae EstimatorTests.debug.xcconfig"; sourceTree = "<group>"; };
		AC43475CA55A81E308035780 /* Pods_Algae_EstimatorUITests.framework */ = {isa = PBXFileReference; explicitFileType = wrapper.framework; includeInIndex = 0; path = Pods_Algae_EstimatorUITests.framework; sourceTree = BUILT_PRODUCTS_DIR; };
		B65ED9ED6F664EE202DC53A1 /* Pods-Algae EstimatorTests.release.xcconfig */ = {isa = PBXFileReference; includeInIndex = 1; lastKnownFileType = text.xcconfig; name = "Pods-Algae EstimatorTests.release.xcconfig"; path = "Pods/Target Support Files/Pods-Algae EstimatorTests/Pods-Algae EstimatorTests.release.xcconfig"; sourceTree = "<group>"; };
		C01B3158D2F1FF3DD54843B7 /* Pods_Algae_Estimator.framework */ = {isa = PBXFileReference; explicitFileType = wrapper.framework; includeInIndex = 0; path = Pods_Algae_Estimator.framework; sourceTree = BUILT_PRODUCTS_DIR; };
		DF05F169DD6DFE97CA48DF79 /* Pods-Algae Estimator.debug.xcconfig */ = {isa = PBXFileReference; includeInIndex = 1; lastKnownFileType = text.xcconfig; name = "Pods-Algae Estimator.debug.xcconfig"; path = "Pods/Target Support Files/Pods-Algae Estimator/Pods-Algae Estimator.debug.xcconfig"; sourceTree = "<group>"; };
		E40B394B362F49A115019AA9 /* Pods_Algae_EstimatorTests.framework */ = {isa = PBXFileReference; explicitFileType = wrapper.framework; includeInIndex = 0; path = Pods_Algae_EstimatorTests.framework; sourceTree = BUILT_PRODUCTS_DIR; };
		EC2EF70200C74384E441A4B6 /* Pods-Algae EstimatorUITests.debug.xcconfig */ = {isa = PBXFileReference; includeInIndex = 1; lastKnownFileType = text.xcconfig; name = "Pods-Algae EstimatorUITests.debug.xcconfig"; path = "Pods/Target Support Files/Pods-Algae EstimatorUITests/Pods-Algae EstimatorUITests.debug.xcconfig"; sourceTree = "<group>"; };
		FD0AD0E81DF625B00061509F /* Test_Calculation.swift */ = {isa = PBXFileReference; fileEncoding = 4; lastKnownFileType = sourcecode.swift; path = Test_Calculation.swift; sourceTree = "<group>"; };
		FD1C31C11DB85118007C7036 /* PO4ViewController.swift */ = {isa = PBXFileReference; fileEncoding = 4; lastKnownFileType = sourcecode.swift; path = PO4ViewController.swift; sourceTree = "<group>"; };
		FD4574411DC518BF008E87E4 /* DataLogViewController.swift */ = {isa = PBXFileReference; fileEncoding = 4; lastKnownFileType = sourcecode.swift; path = DataLogViewController.swift; sourceTree = "<group>"; xcLanguageSpecificationIdentifier = xcode.lang.swift; };
		FD46F4491DE24ACD00B12986 /* DataSetTableViewCell.swift */ = {isa = PBXFileReference; fileEncoding = 4; lastKnownFileType = sourcecode.swift; path = DataSetTableViewCell.swift; sourceTree = "<group>"; };
		FD46F44A1DE24ACD00B12986 /* DataSetTableViewController.swift */ = {isa = PBXFileReference; fileEncoding = 4; lastKnownFileType = sourcecode.swift; path = DataSetTableViewController.swift; sourceTree = "<group>"; };
		FD46F44D1DE24D0800B12986 /* SegueFromLeft.swift */ = {isa = PBXFileReference; fileEncoding = 4; lastKnownFileType = sourcecode.swift; path = SegueFromLeft.swift; sourceTree = "<group>"; };
		FD4EE9181D9F269F0083C393 /* Algae Estimator.app */ = {isa = PBXFileReference; explicitFileType = wrapper.application; includeInIndex = 0; path = "Algae Estimator.app"; sourceTree = BUILT_PRODUCTS_DIR; };
		FD4EE91B1D9F269F0083C393 /* AppDelegate.swift */ = {isa = PBXFileReference; lastKnownFileType = sourcecode.swift; path = AppDelegate.swift; sourceTree = "<group>"; };
		FD4EE91D1D9F269F0083C393 /* CalculateViewController.swift */ = {isa = PBXFileReference; lastKnownFileType = sourcecode.swift; path = CalculateViewController.swift; sourceTree = "<group>"; };
		FD4EE9201D9F26A00083C393 /* Base */ = {isa = PBXFileReference; lastKnownFileType = file.storyboard; name = Base; path = Base.lproj/Main.storyboard; sourceTree = "<group>"; };
		FD4EE9231D9F26A00083C393 /* Algae_Estimator.xcdatamodel */ = {isa = PBXFileReference; lastKnownFileType = wrapper.xcdatamodel; path = Algae_Estimator.xcdatamodel; sourceTree = "<group>"; };
		FD4EE9251D9F26A00083C393 /* Assets.xcassets */ = {isa = PBXFileReference; lastKnownFileType = folder.assetcatalog; path = Assets.xcassets; sourceTree = "<group>"; };
		FD4EE9281D9F26A00083C393 /* Base */ = {isa = PBXFileReference; lastKnownFileType = file.storyboard; name = Base; path = Base.lproj/LaunchScreen.storyboard; sourceTree = "<group>"; };
		FD4EE92A1D9F26A00083C393 /* Info.plist */ = {isa = PBXFileReference; lastKnownFileType = text.plist.xml; path = Info.plist; sourceTree = "<group>"; };
		FD4EE92F1D9F26A00083C393 /* Algae EstimatorTests.xctest */ = {isa = PBXFileReference; explicitFileType = wrapper.cfbundle; includeInIndex = 0; path = "Algae EstimatorTests.xctest"; sourceTree = BUILT_PRODUCTS_DIR; };
		FD4EE9331D9F26A00083C393 /* Algae_EstimatorTests.swift */ = {isa = PBXFileReference; lastKnownFileType = sourcecode.swift; path = Algae_EstimatorTests.swift; sourceTree = "<group>"; };
		FD4EE9351D9F26A00083C393 /* Info.plist */ = {isa = PBXFileReference; lastKnownFileType = text.plist.xml; path = Info.plist; sourceTree = "<group>"; };
		FD4EE93A1D9F26A00083C393 /* Algae EstimatorUITests.xctest */ = {isa = PBXFileReference; explicitFileType = wrapper.cfbundle; includeInIndex = 0; path = "Algae EstimatorUITests.xctest"; sourceTree = BUILT_PRODUCTS_DIR; };
		FD4EE93E1D9F26A00083C393 /* Algae_EstimatorUITests.swift */ = {isa = PBXFileReference; lastKnownFileType = sourcecode.swift; path = Algae_EstimatorUITests.swift; sourceTree = "<group>"; };
		FD4EE9401D9F26A00083C393 /* Info.plist */ = {isa = PBXFileReference; lastKnownFileType = text.plist.xml; path = Info.plist; sourceTree = "<group>"; };
		FD5990011DC461950061816E /* ChlEstimateViewController.swift */ = {isa = PBXFileReference; fileEncoding = 4; lastKnownFileType = sourcecode.swift; path = ChlEstimateViewController.swift; sourceTree = "<group>"; };
		FD5990031DC462350061816E /* ChlViewController.swift */ = {isa = PBXFileReference; fileEncoding = 4; lastKnownFileType = sourcecode.swift; path = ChlViewController.swift; sourceTree = "<group>"; };
		FD7310D61DC4100900ACBE6A /* MyConstants.swift */ = {isa = PBXFileReference; fileEncoding = 4; lastKnownFileType = sourcecode.swift; path = MyConstants.swift; sourceTree = "<group>"; };
		FDB90A3C1DA5BF0200800DDD /* Calculations.swift */ = {isa = PBXFileReference; fileEncoding = 4; lastKnownFileType = sourcecode.swift; path = Calculations.swift; sourceTree = "<group>"; };
		FDC95D121DC18489003AB088 /* PO4EstimatesViewController.swift */ = {isa = PBXFileReference; fileEncoding = 4; lastKnownFileType = sourcecode.swift; path = PO4EstimatesViewController.swift; sourceTree = "<group>"; };
		FDF7DCBA1DF495AB00764131 /* DataEntryViewControllerBase.swift */ = {isa = PBXFileReference; fileEncoding = 4; lastKnownFileType = sourcecode.swift; path = DataEntryViewControllerBase.swift; sourceTree = "<group>"; };
		FDFEA9831DD90C210082D6DB /* GraphViewController.swift */ = {isa = PBXFileReference; fileEncoding = 4; lastKnownFileType = sourcecode.swift; path = GraphViewController.swift; sourceTree = "<group>"; };
/* End PBXFileReference section */

/* Begin PBXFrameworksBuildPhase section */
		FD4EE9151D9F269F0083C393 /* Frameworks */ = {
			isa = PBXFrameworksBuildPhase;
			buildActionMask = 2147483647;
			files = (
				45FEC3BAB957A8198AFE58AC /* Pods_Algae_Estimator.framework in Frameworks */,
			);
			runOnlyForDeploymentPostprocessing = 0;
		};
		FD4EE92C1D9F26A00083C393 /* Frameworks */ = {
			isa = PBXFrameworksBuildPhase;
			buildActionMask = 2147483647;
			files = (
				793795B9888AEC73433689B7 /* Pods_Algae_EstimatorTests.framework in Frameworks */,
			);
			runOnlyForDeploymentPostprocessing = 0;
		};
		FD4EE9371D9F26A00083C393 /* Frameworks */ = {
			isa = PBXFrameworksBuildPhase;
			buildActionMask = 2147483647;
			files = (
				498471AE47C8056EEC49EE4E /* Pods_Algae_EstimatorUITests.framework in Frameworks */,
			);
			runOnlyForDeploymentPostprocessing = 0;
		};
/* End PBXFrameworksBuildPhase section */

/* Begin PBXGroup section */
		A3F7128339BA9F4F2FC4B858 /* Pods */ = {
			isa = PBXGroup;
			children = (
				DF05F169DD6DFE97CA48DF79 /* Pods-Algae Estimator.debug.xcconfig */,
				0CDE9AE90A7C796C22D5E5B4 /* Pods-Algae Estimator.release.xcconfig */,
				98017A4453AFFC99111A86F8 /* Pods-Algae EstimatorTests.debug.xcconfig */,
				B65ED9ED6F664EE202DC53A1 /* Pods-Algae EstimatorTests.release.xcconfig */,
				EC2EF70200C74384E441A4B6 /* Pods-Algae EstimatorUITests.debug.xcconfig */,
				91A39DD037E59AD49E703241 /* Pods-Algae EstimatorUITests.release.xcconfig */,
			);
			name = Pods;
			sourceTree = "<group>";
		};
		CD6AE05F3CC2D1CA97F9E14B /* Frameworks */ = {
			isa = PBXGroup;
			children = (
				C01B3158D2F1FF3DD54843B7 /* Pods_Algae_Estimator.framework */,
				E40B394B362F49A115019AA9 /* Pods_Algae_EstimatorTests.framework */,
				AC43475CA55A81E308035780 /* Pods_Algae_EstimatorUITests.framework */,
			);
			name = Frameworks;
			sourceTree = "<group>";
		};
		FD4EE90F1D9F269F0083C393 = {
			isa = PBXGroup;
			children = (
				FD4EE91A1D9F269F0083C393 /* Algae Estimator */,
				FD4EE9321D9F26A00083C393 /* Algae EstimatorTests */,
				FD4EE93D1D9F26A00083C393 /* Algae EstimatorUITests */,
				FD4EE9191D9F269F0083C393 /* Products */,
				A3F7128339BA9F4F2FC4B858 /* Pods */,
				CD6AE05F3CC2D1CA97F9E14B /* Frameworks */,
			);
			sourceTree = "<group>";
		};
		FD4EE9191D9F269F0083C393 /* Products */ = {
			isa = PBXGroup;
			children = (
				FD4EE9181D9F269F0083C393 /* Algae Estimator.app */,
				FD4EE92F1D9F26A00083C393 /* Algae EstimatorTests.xctest */,
				FD4EE93A1D9F26A00083C393 /* Algae EstimatorUITests.xctest */,
			);
			name = Products;
			sourceTree = "<group>";
		};
		FD4EE91A1D9F269F0083C393 /* Algae Estimator */ = {
			isa = PBXGroup;
			children = (
				FD4EE9221D9F26A00083C393 /* Algae_Estimator.xcdatamodeld */,
				FD4EE91B1D9F269F0083C393 /* AppDelegate.swift */,
				FD4EE9251D9F26A00083C393 /* Assets.xcassets */,
				FD4EE91D1D9F269F0083C393 /* CalculateViewController.swift */,
				FDF7DCBA1DF495AB00764131 /* DataEntryViewControllerBase.swift */,
				FDB90A3C1DA5BF0200800DDD /* Calculations.swift */,
				FD5990011DC461950061816E /* ChlEstimateViewController.swift */,
				FD5990031DC462350061816E /* ChlViewController.swift */,
				751BB8781DCE782200678BB6 /* DataLog2TableViewCell.swift */,
				751BB8761DCE66C000678BB6 /* DataLog2ViewController.swift */,
				751BB8741DCE649200678BB6 /* DataLogTableViewCell.swift */,
				FD4574411DC518BF008E87E4 /* DataLogViewController.swift */,
				FD46F4491DE24ACD00B12986 /* DataSetTableViewCell.swift */,
				FD46F44A1DE24ACD00B12986 /* DataSetTableViewController.swift */,
				84F63DD91DA5B2D000753A32 /* DataViewController.swift */,
				FDFEA9831DD90C210082D6DB /* GraphViewController.swift */,
				FD4EE92A1D9F26A00083C393 /* Info.plist */,
				FD4EE9271D9F26A00083C393 /* LaunchScreen.storyboard */,
				FD4EE91F1D9F26A00083C393 /* Main.storyboard */,
				FD7310D61DC4100900ACBE6A /* MyConstants.swift */,
				FDC95D121DC18489003AB088 /* PO4EstimatesViewController.swift */,
				FD1C31C11DB85118007C7036 /* PO4ViewController.swift */,
				FD46F44D1DE24D0800B12986 /* SegueFromLeft.swift */,
				8202D6B3233E86D100F811D5 /* File.swift */,
			);
			path = "Algae Estimator";
			sourceTree = "<group>";
		};
		FD4EE9321D9F26A00083C393 /* Algae EstimatorTests */ = {
			isa = PBXGroup;
			children = (
				FD4EE9331D9F26A00083C393 /* Algae_EstimatorTests.swift */,
				FD0AD0E81DF625B00061509F /* Test_Calculation.swift */,
				FD4EE9351D9F26A00083C393 /* Info.plist */,
			);
			path = "Algae EstimatorTests";
			sourceTree = "<group>";
		};
		FD4EE93D1D9F26A00083C393 /* Algae EstimatorUITests */ = {
			isa = PBXGroup;
			children = (
				FD4EE93E1D9F26A00083C393 /* Algae_EstimatorUITests.swift */,
				FD4EE9401D9F26A00083C393 /* Info.plist */,
			);
			path = "Algae EstimatorUITests";
			sourceTree = "<group>";
		};
/* End PBXGroup section */

/* Begin PBXNativeTarget section */
		FD4EE9171D9F269F0083C393 /* Algae Estimator */ = {
			isa = PBXNativeTarget;
			buildConfigurationList = FD4EE9431D9F26A00083C393 /* Build configuration list for PBXNativeTarget "Algae Estimator" */;
			buildPhases = (
				60C5E669C9FC51C66F17FC11 /* [CP] Check Pods Manifest.lock */,
				FD4EE9141D9F269F0083C393 /* Sources */,
				FD4EE9151D9F269F0083C393 /* Frameworks */,
				FD4EE9161D9F269F0083C393 /* Resources */,
				19621188D83100C7BAA6F5F5 /* [CP] Embed Pods Frameworks */,
				972B6BB5A553483617F4D4DD /* [CP] Copy Pods Resources */,
			);
			buildRules = (
			);
			dependencies = (
			);
			name = "Algae Estimator";
			productName = "Algae Estimator";
			productReference = FD4EE9181D9F269F0083C393 /* Algae Estimator.app */;
			productType = "com.apple.product-type.application";
		};
		FD4EE92E1D9F26A00083C393 /* Algae EstimatorTests */ = {
			isa = PBXNativeTarget;
			buildConfigurationList = FD4EE9461D9F26A00083C393 /* Build configuration list for PBXNativeTarget "Algae EstimatorTests" */;
			buildPhases = (
				FE9F3D904CB025CCDC650737 /* [CP] Check Pods Manifest.lock */,
				FD4EE92B1D9F26A00083C393 /* Sources */,
				FD4EE92C1D9F26A00083C393 /* Frameworks */,
				FD4EE92D1D9F26A00083C393 /* Resources */,
				3F96192F377EC5203FBCEEBD /* [CP] Embed Pods Frameworks */,
				0A555989810EA95B487B5548 /* [CP] Copy Pods Resources */,
			);
			buildRules = (
			);
			dependencies = (
				FD4EE9311D9F26A00083C393 /* PBXTargetDependency */,
			);
			name = "Algae EstimatorTests";
			productName = "Algae EstimatorTests";
			productReference = FD4EE92F1D9F26A00083C393 /* Algae EstimatorTests.xctest */;
			productType = "com.apple.product-type.bundle.unit-test";
		};
		FD4EE9391D9F26A00083C393 /* Algae EstimatorUITests */ = {
			isa = PBXNativeTarget;
			buildConfigurationList = FD4EE9491D9F26A00083C393 /* Build configuration list for PBXNativeTarget "Algae EstimatorUITests" */;
			buildPhases = (
				B448970F71AAD12BA1D5D90E /* [CP] Check Pods Manifest.lock */,
				FD4EE9361D9F26A00083C393 /* Sources */,
				FD4EE9371D9F26A00083C393 /* Frameworks */,
				FD4EE9381D9F26A00083C393 /* Resources */,
				54D9EEBD4230E5CAA6C43982 /* [CP] Embed Pods Frameworks */,
				743CDEED4E12B96439EC0586 /* [CP] Copy Pods Resources */,
			);
			buildRules = (
			);
			dependencies = (
				FD4EE93C1D9F26A00083C393 /* PBXTargetDependency */,
			);
			name = "Algae EstimatorUITests";
			productName = "Algae EstimatorUITests";
			productReference = FD4EE93A1D9F26A00083C393 /* Algae EstimatorUITests.xctest */;
			productType = "com.apple.product-type.bundle.ui-testing";
		};
/* End PBXNativeTarget section */

/* Begin PBXProject section */
		FD4EE9101D9F269F0083C393 /* Project object */ = {
			isa = PBXProject;
			attributes = {
				LastSwiftUpdateCheck = 0800;
				LastUpgradeCheck = 1100;
				ORGANIZATIONNAME = "Software Engineering";
				TargetAttributes = {
					FD4EE9171D9F269F0083C393 = {
						CreatedOnToolsVersion = 8.0;
						DevelopmentTeam = 2T9JP2ZYVK;
						ProvisioningStyle = Automatic;
					};
					FD4EE92E1D9F26A00083C393 = {
						CreatedOnToolsVersion = 8.0;
						ProvisioningStyle = Automatic;
						TestTargetID = FD4EE9171D9F269F0083C393;
					};
					FD4EE9391D9F26A00083C393 = {
						CreatedOnToolsVersion = 8.0;
						ProvisioningStyle = Automatic;
						TestTargetID = FD4EE9171D9F269F0083C393;
					};
				};
			};
			buildConfigurationList = FD4EE9131D9F269F0083C393 /* Build configuration list for PBXProject "Algae Estimator" */;
			compatibilityVersion = "Xcode 3.2";
			developmentRegion = en;
			hasScannedForEncodings = 0;
			knownRegions = (
				en,
				Base,
			);
			mainGroup = FD4EE90F1D9F269F0083C393;
			productRefGroup = FD4EE9191D9F269F0083C393 /* Products */;
			projectDirPath = "";
			projectRoot = "";
			targets = (
				FD4EE9171D9F269F0083C393 /* Algae Estimator */,
				FD4EE92E1D9F26A00083C393 /* Algae EstimatorTests */,
				FD4EE9391D9F26A00083C393 /* Algae EstimatorUITests */,
			);
		};
/* End PBXProject section */

/* Begin PBXResourcesBuildPhase section */
		FD4EE9161D9F269F0083C393 /* Resources */ = {
			isa = PBXResourcesBuildPhase;
			buildActionMask = 2147483647;
			files = (
				FD4EE9291D9F26A00083C393 /* LaunchScreen.storyboard in Resources */,
				FD4EE9261D9F26A00083C393 /* Assets.xcassets in Resources */,
				FD4EE9211D9F26A00083C393 /* Main.storyboard in Resources */,
			);
			runOnlyForDeploymentPostprocessing = 0;
		};
		FD4EE92D1D9F26A00083C393 /* Resources */ = {
			isa = PBXResourcesBuildPhase;
			buildActionMask = 2147483647;
			files = (
			);
			runOnlyForDeploymentPostprocessing = 0;
		};
		FD4EE9381D9F26A00083C393 /* Resources */ = {
			isa = PBXResourcesBuildPhase;
			buildActionMask = 2147483647;
			files = (
			);
			runOnlyForDeploymentPostprocessing = 0;
		};
/* End PBXResourcesBuildPhase section */

/* Begin PBXShellScriptBuildPhase section */
		0A555989810EA95B487B5548 /* [CP] Copy Pods Resources */ = {
			isa = PBXShellScriptBuildPhase;
			buildActionMask = 2147483647;
			files = (
			);
			inputPaths = (
			);
			name = "[CP] Copy Pods Resources";
			outputPaths = (
			);
			runOnlyForDeploymentPostprocessing = 0;
			shellPath = /bin/sh;
			shellScript = "\"${SRCROOT}/Pods/Target Support Files/Pods-Algae EstimatorTests/Pods-Algae EstimatorTests-resources.sh\"\n";
			showEnvVarsInLog = 0;
		};
		19621188D83100C7BAA6F5F5 /* [CP] Embed Pods Frameworks */ = {
			isa = PBXShellScriptBuildPhase;
			buildActionMask = 2147483647;
			files = (
			);
			inputPaths = (
			);
			name = "[CP] Embed Pods Frameworks";
			outputPaths = (
			);
			runOnlyForDeploymentPostprocessing = 0;
			shellPath = /bin/sh;
			shellScript = "\"${SRCROOT}/Pods/Target Support Files/Pods-Algae Estimator/Pods-Algae Estimator-frameworks.sh\"\n";
			showEnvVarsInLog = 0;
		};
		3F96192F377EC5203FBCEEBD /* [CP] Embed Pods Frameworks */ = {
			isa = PBXShellScriptBuildPhase;
			buildActionMask = 2147483647;
			files = (
			);
			inputPaths = (
			);
			name = "[CP] Embed Pods Frameworks";
			outputPaths = (
			);
			runOnlyForDeploymentPostprocessing = 0;
			shellPath = /bin/sh;
			shellScript = "\"${SRCROOT}/Pods/Target Support Files/Pods-Algae EstimatorTests/Pods-Algae EstimatorTests-frameworks.sh\"\n";
			showEnvVarsInLog = 0;
		};
		54D9EEBD4230E5CAA6C43982 /* [CP] Embed Pods Frameworks */ = {
			isa = PBXShellScriptBuildPhase;
			buildActionMask = 2147483647;
			files = (
			);
			inputPaths = (
			);
			name = "[CP] Embed Pods Frameworks";
			outputPaths = (
			);
			runOnlyForDeploymentPostprocessing = 0;
			shellPath = /bin/sh;
			shellScript = "\"${SRCROOT}/Pods/Target Support Files/Pods-Algae EstimatorUITests/Pods-Algae EstimatorUITests-frameworks.sh\"\n";
			showEnvVarsInLog = 0;
		};
		60C5E669C9FC51C66F17FC11 /* [CP] Check Pods Manifest.lock */ = {
			isa = PBXShellScriptBuildPhase;
			buildActionMask = 2147483647;
			files = (
			);
			inputPaths = (
			);
			name = "[CP] Check Pods Manifest.lock";
			outputPaths = (
			);
			runOnlyForDeploymentPostprocessing = 0;
			shellPath = /bin/sh;
			shellScript = "diff \"${PODS_ROOT}/../Podfile.lock\" \"${PODS_ROOT}/Manifest.lock\" > /dev/null\nif [ $? != 0 ] ; then\n    # print error to STDERR\n    echo \"error: The sandbox is not in sync with the Podfile.lock. Run 'pod install' or update your CocoaPods installation.\" >&2\n    exit 1\nfi\n";
			showEnvVarsInLog = 0;
		};
		743CDEED4E12B96439EC0586 /* [CP] Copy Pods Resources */ = {
			isa = PBXShellScriptBuildPhase;
			buildActionMask = 2147483647;
			files = (
			);
			inputPaths = (
			);
			name = "[CP] Copy Pods Resources";
			outputPaths = (
			);
			runOnlyForDeploymentPostprocessing = 0;
			shellPath = /bin/sh;
			shellScript = "\"${SRCROOT}/Pods/Target Support Files/Pods-Algae EstimatorUITests/Pods-Algae EstimatorUITests-resources.sh\"\n";
			showEnvVarsInLog = 0;
		};
		972B6BB5A553483617F4D4DD /* [CP] Copy Pods Resources */ = {
			isa = PBXShellScriptBuildPhase;
			buildActionMask = 2147483647;
			files = (
			);
			inputPaths = (
			);
			name = "[CP] Copy Pods Resources";
			outputPaths = (
			);
			runOnlyForDeploymentPostprocessing = 0;
			shellPath = /bin/sh;
			shellScript = "\"${SRCROOT}/Pods/Target Support Files/Pods-Algae Estimator/Pods-Algae Estimator-resources.sh\"\n";
			showEnvVarsInLog = 0;
		};
		B448970F71AAD12BA1D5D90E /* [CP] Check Pods Manifest.lock */ = {
			isa = PBXShellScriptBuildPhase;
			buildActionMask = 2147483647;
			files = (
			);
			inputPaths = (
			);
			name = "[CP] Check Pods Manifest.lock";
			outputPaths = (
			);
			runOnlyForDeploymentPostprocessing = 0;
			shellPath = /bin/sh;
			shellScript = "diff \"${PODS_ROOT}/../Podfile.lock\" \"${PODS_ROOT}/Manifest.lock\" > /dev/null\nif [ $? != 0 ] ; then\n    # print error to STDERR\n    echo \"error: The sandbox is not in sync with the Podfile.lock. Run 'pod install' or update your CocoaPods installation.\" >&2\n    exit 1\nfi\n";
			showEnvVarsInLog = 0;
		};
		FE9F3D904CB025CCDC650737 /* [CP] Check Pods Manifest.lock */ = {
			isa = PBXShellScriptBuildPhase;
			buildActionMask = 2147483647;
			files = (
			);
			inputPaths = (
			);
			name = "[CP] Check Pods Manifest.lock";
			outputPaths = (
			);
			runOnlyForDeploymentPostprocessing = 0;
			shellPath = /bin/sh;
			shellScript = "diff \"${PODS_ROOT}/../Podfile.lock\" \"${PODS_ROOT}/Manifest.lock\" > /dev/null\nif [ $? != 0 ] ; then\n    # print error to STDERR\n    echo \"error: The sandbox is not in sync with the Podfile.lock. Run 'pod install' or update your CocoaPods installation.\" >&2\n    exit 1\nfi\n";
			showEnvVarsInLog = 0;
		};
/* End PBXShellScriptBuildPhase section */

/* Begin PBXSourcesBuildPhase section */
		FD4EE9141D9F269F0083C393 /* Sources */ = {
			isa = PBXSourcesBuildPhase;
			buildActionMask = 2147483647;
			files = (
				751BB8751DCE649200678BB6 /* DataLogTableViewCell.swift in Sources */,
				FDB90A3D1DA5BF0200800DDD /* Calculations.swift in Sources */,
				84F63DDA1DA5B2D000753A32 /* DataViewController.swift in Sources */,
				FD4EE91E1D9F26A00083C393 /* CalculateViewController.swift in Sources */,
				FD4EE91C1D9F269F0083C393 /* AppDelegate.swift in Sources */,
				8202D6B4233E86D100F811D5 /* File.swift in Sources */,
				FDFEA9841DD90C210082D6DB /* GraphViewController.swift in Sources */,
				FD5990021DC461950061816E /* ChlEstimateViewController.swift in Sources */,
				FD46F44E1DE24D0800B12986 /* SegueFromLeft.swift in Sources */,
				FD46F44B1DE24ACD00B12986 /* DataSetTableViewCell.swift in Sources */,
				FDC95D131DC18489003AB088 /* PO4EstimatesViewController.swift in Sources */,
				FD1C31C21DB85118007C7036 /* PO4ViewController.swift in Sources */,
				751BB8791DCE782200678BB6 /* DataLog2TableViewCell.swift in Sources */,
				FD4EE9241D9F26A00083C393 /* Algae_Estimator.xcdatamodeld in Sources */,
				FD7310D71DC4100900ACBE6A /* MyConstants.swift in Sources */,
				751BB8771DCE66C000678BB6 /* DataLog2ViewController.swift in Sources */,
				FDF7DCBB1DF495AB00764131 /* DataEntryViewControllerBase.swift in Sources */,
				FD4574421DC518BF008E87E4 /* DataLogViewController.swift in Sources */,
				FD46F44C1DE24ACD00B12986 /* DataSetTableViewController.swift in Sources */,
				FD5990041DC462350061816E /* ChlViewController.swift in Sources */,
			);
			runOnlyForDeploymentPostprocessing = 0;
		};
		FD4EE92B1D9F26A00083C393 /* Sources */ = {
			isa = PBXSourcesBuildPhase;
			buildActionMask = 2147483647;
			files = (
				FD4EE9341D9F26A00083C393 /* Algae_EstimatorTests.swift in Sources */,
				FD0AD0E91DF625B00061509F /* Test_Calculation.swift in Sources */,
			);
			runOnlyForDeploymentPostprocessing = 0;
		};
		FD4EE9361D9F26A00083C393 /* Sources */ = {
			isa = PBXSourcesBuildPhase;
			buildActionMask = 2147483647;
			files = (
				FD4EE93F1D9F26A00083C393 /* Algae_EstimatorUITests.swift in Sources */,
			);
			runOnlyForDeploymentPostprocessing = 0;
		};
/* End PBXSourcesBuildPhase section */

/* Begin PBXTargetDependency section */
		FD4EE9311D9F26A00083C393 /* PBXTargetDependency */ = {
			isa = PBXTargetDependency;
			target = FD4EE9171D9F269F0083C393 /* Algae Estimator */;
			targetProxy = FD4EE9301D9F26A00083C393 /* PBXContainerItemProxy */;
		};
		FD4EE93C1D9F26A00083C393 /* PBXTargetDependency */ = {
			isa = PBXTargetDependency;
			target = FD4EE9171D9F269F0083C393 /* Algae Estimator */;
			targetProxy = FD4EE93B1D9F26A00083C393 /* PBXContainerItemProxy */;
		};
/* End PBXTargetDependency section */

/* Begin PBXVariantGroup section */
		FD4EE91F1D9F26A00083C393 /* Main.storyboard */ = {
			isa = PBXVariantGroup;
			children = (
				FD4EE9201D9F26A00083C393 /* Base */,
			);
			name = Main.storyboard;
			sourceTree = "<group>";
		};
		FD4EE9271D9F26A00083C393 /* LaunchScreen.storyboard */ = {
			isa = PBXVariantGroup;
			children = (
				FD4EE9281D9F26A00083C393 /* Base */,
			);
			name = LaunchScreen.storyboard;
			sourceTree = "<group>";
		};
/* End PBXVariantGroup section */

/* Begin XCBuildConfiguration section */
		FD4EE9411D9F26A00083C393 /* Debug */ = {
			isa = XCBuildConfiguration;
			buildSettings = {
				ALWAYS_SEARCH_USER_PATHS = NO;
				CLANG_ANALYZER_LOCALIZABILITY_NONLOCALIZED = YES;
				CLANG_ANALYZER_NONNULL = YES;
				CLANG_CXX_LANGUAGE_STANDARD = "gnu++0x";
				CLANG_CXX_LIBRARY = "libc++";
				CLANG_ENABLE_MODULES = YES;
				CLANG_ENABLE_OBJC_ARC = YES;
				CLANG_WARN_BLOCK_CAPTURE_AUTORELEASING = YES;
				CLANG_WARN_BOOL_CONVERSION = YES;
				CLANG_WARN_COMMA = YES;
				CLANG_WARN_CONSTANT_CONVERSION = YES;
				CLANG_WARN_DEPRECATED_OBJC_IMPLEMENTATIONS = YES;
				CLANG_WARN_DIRECT_OBJC_ISA_USAGE = YES_ERROR;
				CLANG_WARN_DOCUMENTATION_COMMENTS = YES;
				CLANG_WARN_EMPTY_BODY = YES;
				CLANG_WARN_ENUM_CONVERSION = YES;
				CLANG_WARN_INFINITE_RECURSION = YES;
				CLANG_WARN_INT_CONVERSION = YES;
				CLANG_WARN_NON_LITERAL_NULL_CONVERSION = YES;
				CLANG_WARN_OBJC_IMPLICIT_RETAIN_SELF = YES;
				CLANG_WARN_OBJC_LITERAL_CONVERSION = YES;
				CLANG_WARN_OBJC_ROOT_CLASS = YES_ERROR;
				CLANG_WARN_RANGE_LOOP_ANALYSIS = YES;
				CLANG_WARN_STRICT_PROTOTYPES = YES;
				CLANG_WARN_SUSPICIOUS_MOVE = YES;
				CLANG_WARN_SUSPICIOUS_MOVES = YES;
				CLANG_WARN_UNREACHABLE_CODE = YES;
				CLANG_WARN__DUPLICATE_METHOD_MATCH = YES;
				"CODE_SIGN_IDENTITY[sdk=iphoneos*]" = "iPhone Developer";
				COPY_PHASE_STRIP = NO;
				DEBUG_INFORMATION_FORMAT = dwarf;
				ENABLE_STRICT_OBJC_MSGSEND = YES;
				ENABLE_TESTABILITY = YES;
				GCC_C_LANGUAGE_STANDARD = gnu99;
				GCC_DYNAMIC_NO_PIC = NO;
				GCC_NO_COMMON_BLOCKS = YES;
				GCC_OPTIMIZATION_LEVEL = 0;
				GCC_PREPROCESSOR_DEFINITIONS = (
					"DEBUG=1",
					"$(inherited)",
				);
				GCC_WARN_64_TO_32_BIT_CONVERSION = YES;
				GCC_WARN_ABOUT_RETURN_TYPE = YES_ERROR;
				GCC_WARN_UNDECLARED_SELECTOR = YES;
				GCC_WARN_UNINITIALIZED_AUTOS = YES_AGGRESSIVE;
				GCC_WARN_UNUSED_FUNCTION = YES;
				GCC_WARN_UNUSED_VARIABLE = YES;
				IPHONEOS_DEPLOYMENT_TARGET = 10.0;
				MTL_ENABLE_DEBUG_INFO = YES;
				ONLY_ACTIVE_ARCH = YES;
				SDKROOT = iphoneos;
				SWIFT_ACTIVE_COMPILATION_CONDITIONS = DEBUG;
				SWIFT_OPTIMIZATION_LEVEL = "-Onone";
				SWIFT_VERSION = 5.0;
				TARGETED_DEVICE_FAMILY = "1,2";
			};
			name = Debug;
		};
		FD4EE9421D9F26A00083C393 /* Release */ = {
			isa = XCBuildConfiguration;
			buildSettings = {
				ALWAYS_SEARCH_USER_PATHS = NO;
				CLANG_ANALYZER_LOCALIZABILITY_NONLOCALIZED = YES;
				CLANG_ANALYZER_NONNULL = YES;
				CLANG_CXX_LANGUAGE_STANDARD = "gnu++0x";
				CLANG_CXX_LIBRARY = "libc++";
				CLANG_ENABLE_MODULES = YES;
				CLANG_ENABLE_OBJC_ARC = YES;
				CLANG_WARN_BLOCK_CAPTURE_AUTORELEASING = YES;
				CLANG_WARN_BOOL_CONVERSION = YES;
				CLANG_WARN_COMMA = YES;
				CLANG_WARN_CONSTANT_CONVERSION = YES;
				CLANG_WARN_DEPRECATED_OBJC_IMPLEMENTATIONS = YES;
				CLANG_WARN_DIRECT_OBJC_ISA_USAGE = YES_ERROR;
				CLANG_WARN_DOCUMENTATION_COMMENTS = YES;
				CLANG_WARN_EMPTY_BODY = YES;
				CLANG_WARN_ENUM_CONVERSION = YES;
				CLANG_WARN_INFINITE_RECURSION = YES;
				CLANG_WARN_INT_CONVERSION = YES;
				CLANG_WARN_NON_LITERAL_NULL_CONVERSION = YES;
				CLANG_WARN_OBJC_IMPLICIT_RETAIN_SELF = YES;
				CLANG_WARN_OBJC_LITERAL_CONVERSION = YES;
				CLANG_WARN_OBJC_ROOT_CLASS = YES_ERROR;
				CLANG_WARN_RANGE_LOOP_ANALYSIS = YES;
				CLANG_WARN_STRICT_PROTOTYPES = YES;
				CLANG_WARN_SUSPICIOUS_MOVE = YES;
				CLANG_WARN_SUSPICIOUS_MOVES = YES;
				CLANG_WARN_UNREACHABLE_CODE = YES;
				CLANG_WARN__DUPLICATE_METHOD_MATCH = YES;
				"CODE_SIGN_IDENTITY[sdk=iphoneos*]" = "iPhone Developer";
				COPY_PHASE_STRIP = NO;
				DEBUG_INFORMATION_FORMAT = "dwarf-with-dsym";
				ENABLE_NS_ASSERTIONS = NO;
				ENABLE_STRICT_OBJC_MSGSEND = YES;
				GCC_C_LANGUAGE_STANDARD = gnu99;
				GCC_NO_COMMON_BLOCKS = YES;
				GCC_WARN_64_TO_32_BIT_CONVERSION = YES;
				GCC_WARN_ABOUT_RETURN_TYPE = YES_ERROR;
				GCC_WARN_UNDECLARED_SELECTOR = YES;
				GCC_WARN_UNINITIALIZED_AUTOS = YES_AGGRESSIVE;
				GCC_WARN_UNUSED_FUNCTION = YES;
				GCC_WARN_UNUSED_VARIABLE = YES;
				IPHONEOS_DEPLOYMENT_TARGET = 10.0;
				MTL_ENABLE_DEBUG_INFO = NO;
				SDKROOT = iphoneos;
				SWIFT_OPTIMIZATION_LEVEL = "-Owholemodule";
				SWIFT_VERSION = 5.0;
				TARGETED_DEVICE_FAMILY = "1,2";
				VALIDATE_PRODUCT = YES;
			};
			name = Release;
		};
		FD4EE9441D9F26A00083C393 /* Debug */ = {
			isa = XCBuildConfiguration;
			baseConfigurationReference = DF05F169DD6DFE97CA48DF79 /* Pods-Algae Estimator.debug.xcconfig */;
			buildSettings = {
				ASSETCATALOG_COMPILER_APPICON_NAME = AppIcon;
				DEVELOPMENT_TEAM = 2T9JP2ZYVK;
				INFOPLIST_FILE = "Algae Estimator/Info.plist";
				IPHONEOS_DEPLOYMENT_TARGET = 10.0;
				LD_RUNPATH_SEARCH_PATHS = "$(inherited) @executable_path/Frameworks";
				PRODUCT_BUNDLE_IDENTIFIER = "SE.Algae-Estimator";
				PRODUCT_NAME = "$(TARGET_NAME)";
				SWIFT_VERSION = 5.0;
				TARGETED_DEVICE_FAMILY = 1;
			};
			name = Debug;
		};
		FD4EE9451D9F26A00083C393 /* Release */ = {
			isa = XCBuildConfiguration;
			baseConfigurationReference = 0CDE9AE90A7C796C22D5E5B4 /* Pods-Algae Estimator.release.xcconfig */;
			buildSettings = {
				ASSETCATALOG_COMPILER_APPICON_NAME = AppIcon;
				DEVELOPMENT_TEAM = 2T9JP2ZYVK;
				INFOPLIST_FILE = "Algae Estimator/Info.plist";
				IPHONEOS_DEPLOYMENT_TARGET = 10.0;
				LD_RUNPATH_SEARCH_PATHS = "$(inherited) @executable_path/Frameworks";
				PRODUCT_BUNDLE_IDENTIFIER = "SE.Algae-Estimator";
				PRODUCT_NAME = "$(TARGET_NAME)";
				SWIFT_VERSION = 5.0;
				TARGETED_DEVICE_FAMILY = 1;
			};
			name = Release;
		};
		FD4EE9471D9F26A00083C393 /* Debug */ = {
			isa = XCBuildConfiguration;
			baseConfigurationReference = 98017A4453AFFC99111A86F8 /* Pods-Algae EstimatorTests.debug.xcconfig */;
			buildSettings = {
				ALWAYS_EMBED_SWIFT_STANDARD_LIBRARIES = YES;
				BUNDLE_LOADER = "$(TEST_HOST)";
				INFOPLIST_FILE = "Algae EstimatorTests/Info.plist";
				LD_RUNPATH_SEARCH_PATHS = "$(inherited) @executable_path/Frameworks @loader_path/Frameworks";
				PRODUCT_BUNDLE_IDENTIFIER = "SE.Algae-EstimatorTests";
				PRODUCT_NAME = "$(TARGET_NAME)";
				SWIFT_VERSION = 5.0;
				TEST_HOST = "$(BUILT_PRODUCTS_DIR)/Algae Estimator.app/Algae Estimator";
			};
			name = Debug;
		};
		FD4EE9481D9F26A00083C393 /* Release */ = {
			isa = XCBuildConfiguration;
			baseConfigurationReference = B65ED9ED6F664EE202DC53A1 /* Pods-Algae EstimatorTests.release.xcconfig */;
			buildSettings = {
				ALWAYS_EMBED_SWIFT_STANDARD_LIBRARIES = YES;
				BUNDLE_LOADER = "$(TEST_HOST)";
				INFOPLIST_FILE = "Algae EstimatorTests/Info.plist";
				LD_RUNPATH_SEARCH_PATHS = "$(inherited) @executable_path/Frameworks @loader_path/Frameworks";
				PRODUCT_BUNDLE_IDENTIFIER = "SE.Algae-EstimatorTests";
				PRODUCT_NAME = "$(TARGET_NAME)";
				SWIFT_VERSION = 5.0;
				TEST_HOST = "$(BUILT_PRODUCTS_DIR)/Algae Estimator.app/Algae Estimator";
			};
			name = Release;
		};
		FD4EE94A1D9F26A00083C393 /* Debug */ = {
			isa = XCBuildConfiguration;
			baseConfigurationReference = EC2EF70200C74384E441A4B6 /* Pods-Algae EstimatorUITests.debug.xcconfig */;
			buildSettings = {
				ALWAYS_EMBED_SWIFT_STANDARD_LIBRARIES = YES;
				INFOPLIST_FILE = "Algae EstimatorUITests/Info.plist";
				LD_RUNPATH_SEARCH_PATHS = "$(inherited) @executable_path/Frameworks @loader_path/Frameworks";
				PRODUCT_BUNDLE_IDENTIFIER = "SE.Algae-EstimatorUITests";
				PRODUCT_NAME = "$(TARGET_NAME)";
				SWIFT_VERSION = 5.0;
				TEST_TARGET_NAME = "Algae Estimator";
			};
			name = Debug;
		};
		FD4EE94B1D9F26A00083C393 /* Release */ = {
			isa = XCBuildConfiguration;
			baseConfigurationReference = 91A39DD037E59AD49E703241 /* Pods-Algae EstimatorUITests.release.xcconfig */;
			buildSettings = {
				ALWAYS_EMBED_SWIFT_STANDARD_LIBRARIES = YES;
				INFOPLIST_FILE = "Algae EstimatorUITests/Info.plist";
				LD_RUNPATH_SEARCH_PATHS = "$(inherited) @executable_path/Frameworks @loader_path/Frameworks";
				PRODUCT_BUNDLE_IDENTIFIER = "SE.Algae-EstimatorUITests";
				PRODUCT_NAME = "$(TARGET_NAME)";
				SWIFT_VERSION = 5.0;
				TEST_TARGET_NAME = "Algae Estimator";
			};
			name = Release;
		};
/* End XCBuildConfiguration section */

/* Begin XCConfigurationList section */
		FD4EE9131D9F269F0083C393 /* Build configuration list for PBXProject "Algae Estimator" */ = {
			isa = XCConfigurationList;
			buildConfigurations = (
				FD4EE9411D9F26A00083C393 /* Debug */,
				FD4EE9421D9F26A00083C393 /* Release */,
			);
			defaultConfigurationIsVisible = 0;
			defaultConfigurationName = Release;
		};
		FD4EE9431D9F26A00083C393 /* Build configuration list for PBXNativeTarget "Algae Estimator" */ = {
			isa = XCConfigurationList;
			buildConfigurations = (
				FD4EE9441D9F26A00083C393 /* Debug */,
				FD4EE9451D9F26A00083C393 /* Release */,
			);
			defaultConfigurationIsVisible = 0;
			defaultConfigurationName = Release;
		};
		FD4EE9461D9F26A00083C393 /* Build configuration list for PBXNativeTarget "Algae EstimatorTests" */ = {
			isa = XCConfigurationList;
			buildConfigurations = (
				FD4EE9471D9F26A00083C393 /* Debug */,
				FD4EE9481D9F26A00083C393 /* Release */,
			);
			defaultConfigurationIsVisible = 0;
			defaultConfigurationName = Release;
		};
		FD4EE9491D9F26A00083C393 /* Build configuration list for PBXNativeTarget "Algae EstimatorUITests" */ = {
			isa = XCConfigurationList;
			buildConfigurations = (
				FD4EE94A1D9F26A00083C393 /* Debug */,
				FD4EE94B1D9F26A00083C393 /* Release */,
			);
			defaultConfigurationIsVisible = 0;
			defaultConfigurationName = Release;
		};
/* End XCConfigurationList section */

/* Begin XCVersionGroup section */
		FD4EE9221D9F26A00083C393 /* Algae_Estimator.xcdatamodeld */ = {
			isa = XCVersionGroup;
			children = (
				FD4EE9231D9F26A00083C393 /* Algae_Estimator.xcdatamodel */,
			);
			currentVersion = FD4EE9231D9F26A00083C393 /* Algae_Estimator.xcdatamodel */;
			path = Algae_Estimator.xcdatamodeld;
			sourceTree = "<group>";
			versionGroupType = wrapper.xcdatamodel;
		};
/* End XCVersionGroup section */
	};
	rootObject = FD4EE9101D9F269F0083C393 /* Project object */;
}
