PODS:
  - SwiftCharts (0.4)

DEPENDENCIES:
  - SwiftCharts (from `https://github.com/i-schuetz/SwiftCharts.git`)

EXTERNAL SOURCES:
  SwiftCharts:
    :git: https://github.com/i-schuetz/SwiftCharts.git

CHECKOUT OPTIONS:
  SwiftCharts:
    :commit: 1705b493b9239cbeb74c484eb9fa9694e42e5b7d
    :git: https://github.com/i-schuetz/SwiftCharts.git

SPEC CHECKSUMS:
  SwiftCharts: 84b43d9d70b791459ff5f50ae5a6704326de309d

PODFILE CHECKSUM: d13c939b16eadcc9a1defb28ccca07bb84a45619

COCOAPODS: 1.2.0.beta.1
